
Microsoft Visual Studio Solution File, Format Version 12.00
# Visual Studio Version 17
VisualStudioVersion = 17.14.36518.9 d17.14
MinimumVisualStudioVersion = 10.0.40219.1
Project("{FAE04EC0-301F-11D3-BF4B-00C04F79EFBC}") = "eletronicacenterbackend.business", "eletronicacenterbackend.business\eletronicacenterbackend.business.csproj", "{C14F4A50-ADB8-4EEB-B7C5-477561B2C888}"
EndProject
Project("{FAE04EC0-301F-11D3-BF4B-00C04F79EFBC}") = "eletronicacenterbackend.model", "eletronicacenterbackend.model\eletronicacenterbackend.model.csproj", "{CA341C5B-FD7C-4512-9A00-BC58CB9F2254}"
EndProject
Project("{FAE04EC0-301F-11D3-BF4B-00C04F79EFBC}") = "eletronicacenterbackend.data", "eletronicacenterbackend.data\eletronicacenterbackend.data.csproj", "{38F4AA69-935A-4FEB-848F-56FA4286AA00}"
EndProject
Global
	GlobalSection(SolutionConfigurationPlatforms) = preSolution
		Debug|Any CPU = Debug|Any CPU
		Release|Any CPU = Release|Any CPU
	EndGlobalSection
	GlobalSection(ProjectConfigurationPlatforms) = postSolution
		{C14F4A50-ADB8-4EEB-B7C5-477561B2C888}.Debug|Any CPU.ActiveCfg = Debug|Any CPU
		{C14F4A50-ADB8-4EEB-B7C5-477561B2C888}.Debug|Any CPU.Build.0 = Debug|Any CPU
		{C14F4A50-ADB8-4EEB-B7C5-477561B2C888}.Release|Any CPU.ActiveCfg = Release|Any CPU
		{C14F4A50-ADB8-4EEB-B7C5-477561B2C888}.Release|Any CPU.Build.0 = Release|Any CPU
		{CA341C5B-FD7C-4512-9A00-BC58CB9F2254}.Debug|Any CPU.ActiveCfg = Debug|Any CPU
		{CA341C5B-FD7C-4512-9A00-BC58CB9F2254}.Debug|Any CPU.Build.0 = Debug|Any CPU
		{CA341C5B-FD7C-4512-9A00-BC58CB9F2254}.Release|Any CPU.ActiveCfg = Release|Any CPU
		{CA341C5B-FD7C-4512-9A00-BC58CB9F2254}.Release|Any CPU.Build.0 = Release|Any CPU
		{38F4AA69-935A-4FEB-848F-56FA4286AA00}.Debug|Any CPU.ActiveCfg = Debug|Any CPU
		{38F4AA69-935A-4FEB-848F-56FA4286AA00}.Debug|Any CPU.Build.0 = Debug|Any CPU
		{38F4AA69-935A-4FEB-848F-56FA4286AA00}.Release|Any CPU.ActiveCfg = Release|Any CPU
		{38F4AA69-935A-4FEB-848F-56FA4286AA00}.Release|Any CPU.Build.0 = Release|Any CPU
	EndGlobalSection
	GlobalSection(SolutionProperties) = preSolution
		HideSolutionNode = FALSE
	EndGlobalSection
	GlobalSection(ExtensibilityGlobals) = postSolution
		SolutionGuid = {ABEA5D0A-BC74-44C4-ABCD-639F919D7846}
	EndGlobalSection
EndGlobal
